// !$*UTF8*$!
{
	archiveVersion = 1;
	classes = {
	};
	objectVersion = 46;
	objects = {

/* Begin PBXBuildFile section */
		D24FBF70200C18FA0063FAC4 /* SyrExample.xcassets in Resources */ = {isa = PBXBuildFile; fileRef = D24FBF6F200C18FA0063FAC4 /* SyrExample.xcassets */; };
		D2C0356C1F9E65BB009BE5E0 /* SyrNative.framework in Embed Frameworks */ = {isa = PBXBuildFile; fileRef = D2EC21DD1F4D257D00DFA7C9 /* SyrNative.framework */; settings = {ATTRIBUTES = (CodeSignOnCopy, RemoveHeadersOnCopy, ); }; };
		D2EC21C31F4D257300DFA7C9 /* main.m in Sources */ = {isa = PBXBuildFile; fileRef = D2EC21C21F4D257300DFA7C9 /* main.m */; };
		D2EC21C61F4D257300DFA7C9 /* AppDelegate.m in Sources */ = {isa = PBXBuildFile; fileRef = D2EC21C51F4D257300DFA7C9 /* AppDelegate.m */; };
		D2EC21C91F4D257300DFA7C9 /* ViewController.m in Sources */ = {isa = PBXBuildFile; fileRef = D2EC21C81F4D257300DFA7C9 /* ViewController.m */; };
		D2EC21CC1F4D257300DFA7C9 /* Main.storyboard in Resources */ = {isa = PBXBuildFile; fileRef = D2EC21CA1F4D257300DFA7C9 /* Main.storyboard */; };
		D2EC21D11F4D257300DFA7C9 /* LaunchScreen.storyboard in Resources */ = {isa = PBXBuildFile; fileRef = D2EC21CF1F4D257300DFA7C9 /* LaunchScreen.storyboard */; };
		D2EC21DF1F4D259500DFA7C9 /* SyrNative.framework in Frameworks */ = {isa = PBXBuildFile; fileRef = D2EC21DD1F4D257D00DFA7C9 /* SyrNative.framework */; settings = {ATTRIBUTES = (Required, ); }; };
/* End PBXBuildFile section */

/* Begin PBXContainerItemProxy section */
		D2C0356D1F9E65BB009BE5E0 /* PBXContainerItemProxy */ = {
			isa = PBXContainerItemProxy;
			containerPortal = D2EC21D81F4D257C00DFA7C9 /* SyrNative.xcodeproj */;
			proxyType = 1;
			remoteGlobalIDString = D2D7E02F1F0F672D0039C3A9;
			remoteInfo = SyrNative;
		};
		D2E9EA7020002671000A268E /* PBXContainerItemProxy */ = {
			isa = PBXContainerItemProxy;
			containerPortal = D2EC21D81F4D257C00DFA7C9 /* SyrNative.xcodeproj */;
			proxyType = 2;
			remoteGlobalIDString = D25B49801FF6BEAE0063E878;
			remoteInfo = SyrNativeUnitTests;
		};
		D2EC21DC1F4D257D00DFA7C9 /* PBXContainerItemProxy */ = {
			isa = PBXContainerItemProxy;
			containerPortal = D2EC21D81F4D257C00DFA7C9 /* SyrNative.xcodeproj */;
			proxyType = 2;
			remoteGlobalIDString = D2D7E0301F0F672D0039C3A9;
			remoteInfo = SyrNative;
		};
/* End PBXContainerItemProxy section */

/* Begin PBXCopyFilesBuildPhase section */
		D2C0356A1F9E6577009BE5E0 /* CopyFiles */ = {
			isa = PBXCopyFilesBuildPhase;
			buildActionMask = 2147483647;
			dstPath = "";
			dstSubfolderSpec = 16;
			files = (
			);
			runOnlyForDeploymentPostprocessing = 0;
		};
		D2C0356F1F9E65BB009BE5E0 /* Embed Frameworks */ = {
			isa = PBXCopyFilesBuildPhase;
			buildActionMask = 2147483647;
			dstPath = "";
			dstSubfolderSpec = 10;
			files = (
				D2C0356C1F9E65BB009BE5E0 /* SyrNative.framework in Embed Frameworks */,
			);
			name = "Embed Frameworks";
			runOnlyForDeploymentPostprocessing = 0;
		};
/* End PBXCopyFilesBuildPhase section */

/* Begin PBXFileReference section */
		D24FBF6F200C18FA0063FAC4 /* SyrExample.xcassets */ = {isa = PBXFileReference; lastKnownFileType = folder.assetcatalog; path = SyrExample.xcassets; sourceTree = "<group>"; };
		D2EC21BE1F4D257300DFA7C9 /* SyrNativeSample.app */ = {isa = PBXFileReference; explicitFileType = wrapper.application; includeInIndex = 0; path = SyrNativeSample.app; sourceTree = BUILT_PRODUCTS_DIR; };
		D2EC21C21F4D257300DFA7C9 /* main.m */ = {isa = PBXFileReference; lastKnownFileType = sourcecode.c.objc; path = main.m; sourceTree = "<group>"; };
		D2EC21C41F4D257300DFA7C9 /* AppDelegate.h */ = {isa = PBXFileReference; lastKnownFileType = sourcecode.c.h; path = AppDelegate.h; sourceTree = "<group>"; };
		D2EC21C51F4D257300DFA7C9 /* AppDelegate.m */ = {isa = PBXFileReference; lastKnownFileType = sourcecode.c.objc; path = AppDelegate.m; sourceTree = "<group>"; };
		D2EC21C71F4D257300DFA7C9 /* ViewController.h */ = {isa = PBXFileReference; lastKnownFileType = sourcecode.c.h; path = ViewController.h; sourceTree = "<group>"; };
		D2EC21C81F4D257300DFA7C9 /* ViewController.m */ = {isa = PBXFileReference; lastKnownFileType = sourcecode.c.objc; path = ViewController.m; sourceTree = "<group>"; };
		D2EC21CB1F4D257300DFA7C9 /* Base */ = {isa = PBXFileReference; lastKnownFileType = file.storyboard; name = Base; path = Base.lproj/Main.storyboard; sourceTree = "<group>"; };
		D2EC21D01F4D257300DFA7C9 /* Base */ = {isa = PBXFileReference; lastKnownFileType = file.storyboard; name = Base; path = Base.lproj/LaunchScreen.storyboard; sourceTree = "<group>"; };
		D2EC21D21F4D257300DFA7C9 /* Info.plist */ = {isa = PBXFileReference; lastKnownFileType = text.plist.xml; path = Info.plist; sourceTree = "<group>"; };
		D2EC21D81F4D257C00DFA7C9 /* SyrNative.xcodeproj */ = {isa = PBXFileReference; lastKnownFileType = "wrapper.pb-project"; name = SyrNative.xcodeproj; path = ../SyrNative/SyrNative.xcodeproj; sourceTree = "<group>"; };
/* End PBXFileReference section */

/* Begin PBXFrameworksBuildPhase section */
		D2EC21BB1F4D257300DFA7C9 /* Frameworks */ = {
			isa = PBXFrameworksBuildPhase;
			buildActionMask = 2147483647;
			files = (
				D2EC21DF1F4D259500DFA7C9 /* SyrNative.framework in Frameworks */,
			);
			runOnlyForDeploymentPostprocessing = 0;
		};
/* End PBXFrameworksBuildPhase section */

/* Begin PBXGroup section */
		D2EC21B51F4D257300DFA7C9 = {
			isa = PBXGroup;
			children = (
				D2EC21C01F4D257300DFA7C9 /* SyrNativeSample */,
				D2EC21BF1F4D257300DFA7C9 /* Products */,
				D2EC21DE1F4D258100DFA7C9 /* Frameworks */,
			);
			sourceTree = "<group>";
		};
		D2EC21BF1F4D257300DFA7C9 /* Products */ = {
			isa = PBXGroup;
			children = (
				D2EC21BE1F4D257300DFA7C9 /* SyrNativeSample.app */,
			);
			name = Products;
			sourceTree = "<group>";
		};
		D2EC21C01F4D257300DFA7C9 /* SyrNativeSample */ = {
			isa = PBXGroup;
			children = (
				D24FBF6F200C18FA0063FAC4 /* SyrExample.xcassets */,
				D2EC21C41F4D257300DFA7C9 /* AppDelegate.h */,
				D2EC21C51F4D257300DFA7C9 /* AppDelegate.m */,
				D2EC21C71F4D257300DFA7C9 /* ViewController.h */,
				D2EC21C81F4D257300DFA7C9 /* ViewController.m */,
				D2EC21CA1F4D257300DFA7C9 /* Main.storyboard */,
				D2EC21CF1F4D257300DFA7C9 /* LaunchScreen.storyboard */,
				D2EC21D21F4D257300DFA7C9 /* Info.plist */,
				D2EC21C11F4D257300DFA7C9 /* Supporting Files */,
			);
			path = SyrNativeSample;
			sourceTree = "<group>";
		};
		D2EC21C11F4D257300DFA7C9 /* Supporting Files */ = {
			isa = PBXGroup;
			children = (
				D2EC21C21F4D257300DFA7C9 /* main.m */,
			);
			name = "Supporting Files";
			sourceTree = "<group>";
		};
		D2EC21D91F4D257C00DFA7C9 /* Products */ = {
			isa = PBXGroup;
			children = (
				D2EC21DD1F4D257D00DFA7C9 /* SyrNative.framework */,
				D2E9EA7120002671000A268E /* SyrNativeUnitTests.xctest */,
			);
			name = Products;
			sourceTree = "<group>";
		};
		D2EC21DE1F4D258100DFA7C9 /* Frameworks */ = {
			isa = PBXGroup;
			children = (
				D2EC21D81F4D257C00DFA7C9 /* SyrNative.xcodeproj */,
			);
			name = Frameworks;
			sourceTree = "<group>";
		};
/* End PBXGroup section */

/* Begin PBXNativeTarget section */
		D2EC21BD1F4D257300DFA7C9 /* SyrNativeSample */ = {
			isa = PBXNativeTarget;
			buildConfigurationList = D2EC21D51F4D257300DFA7C9 /* Build configuration list for PBXNativeTarget "SyrNativeSample" */;
			buildPhases = (
				D2EC21BA1F4D257300DFA7C9 /* Sources */,
				D2EC21BB1F4D257300DFA7C9 /* Frameworks */,
				D2EC21BC1F4D257300DFA7C9 /* Resources */,
				D2C0356A1F9E6577009BE5E0 /* CopyFiles */,
				D2C0356F1F9E65BB009BE5E0 /* Embed Frameworks */,
			);
			buildRules = (
			);
			dependencies = (
				D2C0356E1F9E65BB009BE5E0 /* PBXTargetDependency */,
			);
			name = SyrNativeSample;
			productName = SyrNativeSample;
			productReference = D2EC21BE1F4D257300DFA7C9 /* SyrNativeSample.app */;
			productType = "com.apple.product-type.application";
		};
/* End PBXNativeTarget section */

/* Begin PBXProject section */
		D2EC21B61F4D257300DFA7C9 /* Project object */ = {
			isa = PBXProject;
			attributes = {
				LastUpgradeCheck = 0940;
				ORGANIZATIONNAME = PayPal;
				TargetAttributes = {
					D2EC21BD1F4D257300DFA7C9 = {
						CreatedOnToolsVersion = 8.3.3;
						DevelopmentTeam = 2GTL2L66E7;
						ProvisioningStyle = Automatic;
					};
				};
			};
			buildConfigurationList = D2EC21B91F4D257300DFA7C9 /* Build configuration list for PBXProject "SyrNativeSample" */;
			compatibilityVersion = "Xcode 3.2";
			developmentRegion = English;
			hasScannedForEncodings = 0;
			knownRegions = (
				en,
				Base,
			);
			mainGroup = D2EC21B51F4D257300DFA7C9;
			productRefGroup = D2EC21BF1F4D257300DFA7C9 /* Products */;
			projectDirPath = "";
			projectReferences = (
				{
					ProductGroup = D2EC21D91F4D257C00DFA7C9 /* Products */;
					ProjectRef = D2EC21D81F4D257C00DFA7C9 /* SyrNative.xcodeproj */;
				},
			);
			projectRoot = "";
			targets = (
				D2EC21BD1F4D257300DFA7C9 /* SyrNativeSample */,
			);
		};
/* End PBXProject section */

/* Begin PBXReferenceProxy section */
		D2E9EA7120002671000A268E /* SyrNativeUnitTests.xctest */ = {
			isa = PBXReferenceProxy;
			fileType = wrapper.cfbundle;
			path = SyrNativeUnitTests.xctest;
			remoteRef = D2E9EA7020002671000A268E /* PBXContainerItemProxy */;
			sourceTree = BUILT_PRODUCTS_DIR;
		};
		D2EC21DD1F4D257D00DFA7C9 /* SyrNative.framework */ = {
			isa = PBXReferenceProxy;
			fileType = wrapper.framework;
			path = SyrNative.framework;
			remoteRef = D2EC21DC1F4D257D00DFA7C9 /* PBXContainerItemProxy */;
			sourceTree = BUILT_PRODUCTS_DIR;
		};
/* End PBXReferenceProxy section */

/* Begin PBXResourcesBuildPhase section */
		D2EC21BC1F4D257300DFA7C9 /* Resources */ = {
			isa = PBXResourcesBuildPhase;
			buildActionMask = 2147483647;
			files = (
				D24FBF70200C18FA0063FAC4 /* SyrExample.xcassets in Resources */,
				D2EC21D11F4D257300DFA7C9 /* LaunchScreen.storyboard in Resources */,
				D2EC21CC1F4D257300DFA7C9 /* Main.storyboard in Resources */,
			);
			runOnlyForDeploymentPostprocessing = 0;
		};
/* End PBXResourcesBuildPhase section */

/* Begin PBXSourcesBuildPhase section */
		D2EC21BA1F4D257300DFA7C9 /* Sources */ = {
			isa = PBXSourcesBuildPhase;
			buildActionMask = 2147483647;
			files = (
				D2EC21C91F4D257300DFA7C9 /* ViewController.m in Sources */,
				D2EC21C61F4D257300DFA7C9 /* AppDelegate.m in Sources */,
				D2EC21C31F4D257300DFA7C9 /* main.m in Sources */,
			);
			runOnlyForDeploymentPostprocessing = 0;
		};
/* End PBXSourcesBuildPhase section */

/* Begin PBXTargetDependency section */
		D2C0356E1F9E65BB009BE5E0 /* PBXTargetDependency */ = {
			isa = PBXTargetDependency;
			name = SyrNative;
			targetProxy = D2C0356D1F9E65BB009BE5E0 /* PBXContainerItemProxy */;
		};
/* End PBXTargetDependency section */

/* Begin PBXVariantGroup section */
		D2EC21CA1F4D257300DFA7C9 /* Main.storyboard */ = {
			isa = PBXVariantGroup;
			children = (
				D2EC21CB1F4D257300DFA7C9 /* Base */,
			);
			name = Main.storyboard;
			sourceTree = "<group>";
		};
		D2EC21CF1F4D257300DFA7C9 /* LaunchScreen.storyboard */ = {
			isa = PBXVariantGroup;
			children = (
				D2EC21D01F4D257300DFA7C9 /* Base */,
			);
			name = LaunchScreen.storyboard;
			sourceTree = "<group>";
		};
/* End PBXVariantGroup section */

/* Begin XCBuildConfiguration section */
		D2EC21D31F4D257300DFA7C9 /* Debug */ = {
			isa = XCBuildConfiguration;
			buildSettings = {
				ALWAYS_SEARCH_USER_PATHS = NO;
				CLANG_ANALYZER_NONNULL = YES;
				CLANG_ANALYZER_NUMBER_OBJECT_CONVERSION = YES_AGGRESSIVE;
				CLANG_CXX_LANGUAGE_STANDARD = "gnu++0x";
				CLANG_CXX_LIBRARY = "libc++";
				CLANG_ENABLE_MODULES = YES;
				CLANG_ENABLE_OBJC_ARC = YES;
				CLANG_WARN_BLOCK_CAPTURE_AUTORELEASING = YES;
				CLANG_WARN_BOOL_CONVERSION = YES;
				CLANG_WARN_COMMA = YES;
				CLANG_WARN_CONSTANT_CONVERSION = YES;
				CLANG_WARN_DEPRECATED_OBJC_IMPLEMENTATIONS = YES;
				CLANG_WARN_DIRECT_OBJC_ISA_USAGE = YES_ERROR;
				CLANG_WARN_DOCUMENTATION_COMMENTS = YES;
				CLANG_WARN_EMPTY_BODY = YES;
				CLANG_WARN_ENUM_CONVERSION = YES;
				CLANG_WARN_INFINITE_RECURSION = YES;
				CLANG_WARN_INT_CONVERSION = YES;
				CLANG_WARN_NON_LITERAL_NULL_CONVERSION = YES;
				CLANG_WARN_OBJC_IMPLICIT_RETAIN_SELF = YES;
				CLANG_WARN_OBJC_LITERAL_CONVERSION = YES;
				CLANG_WARN_OBJC_ROOT_CLASS = YES_ERROR;
				CLANG_WARN_RANGE_LOOP_ANALYSIS = YES;
				CLANG_WARN_STRICT_PROTOTYPES = YES;
				CLANG_WARN_SUSPICIOUS_MOVE = YES;
				CLANG_WARN_UNREACHABLE_CODE = YES;
				CLANG_WARN__DUPLICATE_METHOD_MATCH = YES;
				"CODE_SIGN_IDENTITY[sdk=iphoneos*]" = "iPhone Developer";
				COPY_PHASE_STRIP = NO;
				DEBUG_INFORMATION_FORMAT = dwarf;
				ENABLE_STRICT_OBJC_MSGSEND = YES;
				ENABLE_TESTABILITY = YES;
				GCC_C_LANGUAGE_STANDARD = gnu99;
				GCC_DYNAMIC_NO_PIC = NO;
				GCC_NO_COMMON_BLOCKS = YES;
				GCC_OPTIMIZATION_LEVEL = 0;
				GCC_PREPROCESSOR_DEFINITIONS = (
					"DEBUG=1",
					"$(inherited)",
				);
				GCC_WARN_64_TO_32_BIT_CONVERSION = YES;
				GCC_WARN_ABOUT_RETURN_TYPE = YES_ERROR;
				GCC_WARN_UNDECLARED_SELECTOR = YES;
				GCC_WARN_UNINITIALIZED_AUTOS = YES_AGGRESSIVE;
				GCC_WARN_UNUSED_FUNCTION = YES;
				GCC_WARN_UNUSED_VARIABLE = YES;
				IPHONEOS_DEPLOYMENT_TARGET = 10.3;
				MTL_ENABLE_DEBUG_INFO = YES;
				ONLY_ACTIVE_ARCH = YES;
				SDKROOT = iphoneos;
				TARGETED_DEVICE_FAMILY = "1,2";
			};
			name = Debug;
		};
		D2EC21D41F4D257300DFA7C9 /* Release */ = {
			isa = XCBuildConfiguration;
			buildSettings = {
				ALWAYS_SEARCH_USER_PATHS = NO;
				CLANG_ANALYZER_NONNULL = YES;
				CLANG_ANALYZER_NUMBER_OBJECT_CONVERSION = YES_AGGRESSIVE;
				CLANG_CXX_LANGUAGE_STANDARD = "gnu++0x";
				CLANG_CXX_LIBRARY = "libc++";
				CLANG_ENABLE_MODULES = YES;
				CLANG_ENABLE_OBJC_ARC = YES;
				CLANG_WARN_BLOCK_CAPTURE_AUTORELEASING = YES;
				CLANG_WARN_BOOL_CONVERSION = YES;
				CLANG_WARN_COMMA = YES;
				CLANG_WARN_CONSTANT_CONVERSION = YES;
				CLANG_WARN_DEPRECATED_OBJC_IMPLEMENTATIONS = YES;
				CLANG_WARN_DIRECT_OBJC_ISA_USAGE = YES_ERROR;
				CLANG_WARN_DOCUMENTATION_COMMENTS = YES;
				CLANG_WARN_EMPTY_BODY = YES;
				CLANG_WARN_ENUM_CONVERSION = YES;
				CLANG_WARN_INFINITE_RECURSION = YES;
				CLANG_WARN_INT_CONVERSION = YES;
				CLANG_WARN_NON_LITERAL_NULL_CONVERSION = YES;
				CLANG_WARN_OBJC_IMPLICIT_RETAIN_SELF = YES;
				CLANG_WARN_OBJC_LITERAL_CONVERSION = YES;
				CLANG_WARN_OBJC_ROOT_CLASS = YES_ERROR;
				CLANG_WARN_RANGE_LOOP_ANALYSIS = YES;
				CLANG_WARN_STRICT_PROTOTYPES = YES;
				CLANG_WARN_SUSPICIOUS_MOVE = YES;
				CLANG_WARN_UNREACHABLE_CODE = YES;
				CLANG_WARN__DUPLICATE_METHOD_MATCH = YES;
				"CODE_SIGN_IDENTITY[sdk=iphoneos*]" = "iPhone Developer";
				COPY_PHASE_STRIP = NO;
				DEBUG_INFORMATION_FORMAT = "dwarf-with-dsym";
				ENABLE_NS_ASSERTIONS = NO;
				ENABLE_STRICT_OBJC_MSGSEND = YES;
				GCC_C_LANGUAGE_STANDARD = gnu99;
				GCC_NO_COMMON_BLOCKS = YES;
				GCC_WARN_64_TO_32_BIT_CONVERSION = YES;
				GCC_WARN_ABOUT_RETURN_TYPE = YES_ERROR;
				GCC_WARN_UNDECLARED_SELECTOR = YES;
				GCC_WARN_UNINITIALIZED_AUTOS = YES_AGGRESSIVE;
				GCC_WARN_UNUSED_FUNCTION = YES;
				GCC_WARN_UNUSED_VARIABLE = YES;
				IPHONEOS_DEPLOYMENT_TARGET = 10.3;
				MTL_ENABLE_DEBUG_INFO = NO;
				SDKROOT = iphoneos;
				TARGETED_DEVICE_FAMILY = "1,2";
				VALIDATE_PRODUCT = YES;
			};
			name = Release;
		};
		D2EC21D61F4D257300DFA7C9 /* Debug */ = {
			isa = XCBuildConfiguration;
			buildSettings = {
				ASSETCATALOG_COMPILER_APPICON_NAME = AppIcon;
				DEVELOPMENT_TEAM = 2GTL2L66E7;
				INFOPLIST_FILE = SyrNativeSample/Info.plist;
				IPHONEOS_DEPLOYMENT_TARGET = 9.0;
				LD_RUNPATH_SEARCH_PATHS = "$(inherited) @executable_path/Frameworks";
				PRODUCT_BUNDLE_IDENTIFIER = PayPal.SyrNativeSample;
				PRODUCT_NAME = "$(TARGET_NAME)";
			};
			name = Debug;
		};
		D2EC21D71F4D257300DFA7C9 /* Release */ = {
			isa = XCBuildConfiguration;
			buildSettings = {
				ASSETCATALOG_COMPILER_APPICON_NAME = AppIcon;
				DEVELOPMENT_TEAM = 2GTL2L66E7;
				INFOPLIST_FILE = SyrNativeSample/Info.plist;
				IPHONEOS_DEPLOYMENT_TARGET = 9.0;
				LD_RUNPATH_SEARCH_PATHS = "$(inherited) @executable_path/Frameworks";
				PRODUCT_BUNDLE_IDENTIFIER = PayPal.SyrNativeSample;
				PRODUCT_NAME = "$(TARGET_NAME)";
			};
			name = Release;
		};
/* End XCBuildConfiguration section */

/* Begin XCConfigurationList section */
		D2EC21B91F4D257300DFA7C9 /* Build configuration list for PBXProject "SyrNativeSample" */ = {
			isa = XCConfigurationList;
			buildConfigurations = (
				D2EC21D31F4D257300DFA7C9 /* Debug */,
				D2EC21D41F4D257300DFA7C9 /* Release */,
			);
			defaultConfigurationIsVisible = 0;
			defaultConfigurationName = Release;
		};
		D2EC21D51F4D257300DFA7C9 /* Build configuration list for PBXNativeTarget "SyrNativeSample" */ = {
			isa = XCConfigurationList;
			buildConfigurations = (
				D2EC21D61F4D257300DFA7C9 /* Debug */,
				D2EC21D71F4D257300DFA7C9 /* Release */,
			);
			defaultConfigurationIsVisible = 0;
			defaultConfigurationName = Release;
		};
/* End XCConfigurationList section */
	};
	rootObject = D2EC21B61F4D257300DFA7C9 /* Project object */;
}
